// !$*UTF8*$!
{
	archiveVersion = 1;
	classes = {
	};
	objectVersion = 46;
	objects = {

/* Begin PBXBuildFile section */
		0FAACA011915D51A00CF9CDF /* Foundation.framework in Frameworks */ = {isa = PBXBuildFile; fileRef = 0FAACA001915D51A00CF9CDF /* Foundation.framework */; };
		0FAACA031915D51A00CF9CDF /* CoreGraphics.framework in Frameworks */ = {isa = PBXBuildFile; fileRef = 0FAACA021915D51A00CF9CDF /* CoreGraphics.framework */; };
		0FAACA051915D51A00CF9CDF /* UIKit.framework in Frameworks */ = {isa = PBXBuildFile; fileRef = 0FAACA041915D51A00CF9CDF /* UIKit.framework */; };
		0FAACA0B1915D51A00CF9CDF /* InfoPlist.strings in Resources */ = {isa = PBXBuildFile; fileRef = 0FAACA091915D51A00CF9CDF /* InfoPlist.strings */; };
		0FAACA0D1915D51A00CF9CDF /* main.m in Sources */ = {isa = PBXBuildFile; fileRef = 0FAACA0C1915D51A00CF9CDF /* main.m */; };
		0FAACA111915D51A00CF9CDF /* SNWAppDelegate.m in Sources */ = {isa = PBXBuildFile; fileRef = 0FAACA101915D51A00CF9CDF /* SNWAppDelegate.m */; };
		0FAACA141915D51A00CF9CDF /* Main.storyboard in Resources */ = {isa = PBXBuildFile; fileRef = 0FAACA121915D51A00CF9CDF /* Main.storyboard */; };
		0FAACA191915D51B00CF9CDF /* Images.xcassets in Resources */ = {isa = PBXBuildFile; fileRef = 0FAACA181915D51B00CF9CDF /* Images.xcassets */; };
		0FAACA201915D51B00CF9CDF /* XCTest.framework in Frameworks */ = {isa = PBXBuildFile; fileRef = 0FAACA1F1915D51B00CF9CDF /* XCTest.framework */; };
		0FAACA211915D51B00CF9CDF /* Foundation.framework in Frameworks */ = {isa = PBXBuildFile; fileRef = 0FAACA001915D51A00CF9CDF /* Foundation.framework */; };
		0FAACA221915D51B00CF9CDF /* UIKit.framework in Frameworks */ = {isa = PBXBuildFile; fileRef = 0FAACA041915D51A00CF9CDF /* UIKit.framework */; };
		0FAACA2A1915D51B00CF9CDF /* InfoPlist.strings in Resources */ = {isa = PBXBuildFile; fileRef = 0FAACA281915D51B00CF9CDF /* InfoPlist.strings */; };
		0FAACA2C1915D51B00CF9CDF /* ExistingCommunalTests.m in Sources */ = {isa = PBXBuildFile; fileRef = 0FAACA2B1915D51B00CF9CDF /* ExistingCommunalTests.m */; };
		0FAACA371915D62100CF9CDF /* ECTableViewController.m in Sources */ = {isa = PBXBuildFile; fileRef = 0FAACA361915D62100CF9CDF /* ECTableViewController.m */; };
		0FAACA3D19188BD200CF9CDF /* ECAvatar.m in Sources */ = {isa = PBXBuildFile; fileRef = 0FAACA3C19188BD200CF9CDF /* ECAvatar.m */; };
		0FAACA4019188E5600CF9CDF /* ECUser.m in Sources */ = {isa = PBXBuildFile; fileRef = 0FAACA3F19188E5600CF9CDF /* ECUser.m */; };
		0FAACA4319188F4500CF9CDF /* ECDeal.m in Sources */ = {isa = PBXBuildFile; fileRef = 0FAACA4219188F4500CF9CDF /* ECDeal.m */; };
		0FAACA471918A00700CF9CDF /* ECDealTableViewCell.m in Sources */ = {isa = PBXBuildFile; fileRef = 0FAACA461918A00700CF9CDF /* ECDealTableViewCell.m */; };
/* End PBXBuildFile section */

/* Begin PBXContainerItemProxy section */
		0FAACA231915D51B00CF9CDF /* PBXContainerItemProxy */ = {
			isa = PBXContainerItemProxy;
			containerPortal = 0FAAC9F51915D51A00CF9CDF /* Project object */;
			proxyType = 1;
			remoteGlobalIDString = 0FAAC9FC1915D51A00CF9CDF;
			remoteInfo = ExistingCommunal;
		};
/* End PBXContainerItemProxy section */

/* Begin PBXFileReference section */
		0FAAC9FD1915D51A00CF9CDF /* ExistingCommunal.app */ = {isa = PBXFileReference; explicitFileType = wrapper.application; includeInIndex = 0; path = ExistingCommunal.app; sourceTree = BUILT_PRODUCTS_DIR; };
		0FAACA001915D51A00CF9CDF /* Foundation.framework */ = {isa = PBXFileReference; lastKnownFileType = wrapper.framework; name = Foundation.framework; path = System/Library/Frameworks/Foundation.framework; sourceTree = SDKROOT; };
		0FAACA021915D51A00CF9CDF /* CoreGraphics.framework */ = {isa = PBXFileReference; lastKnownFileType = wrapper.framework; name = CoreGraphics.framework; path = System/Library/Frameworks/CoreGraphics.framework; sourceTree = SDKROOT; };
		0FAACA041915D51A00CF9CDF /* UIKit.framework */ = {isa = PBXFileReference; lastKnownFileType = wrapper.framework; name = UIKit.framework; path = System/Library/Frameworks/UIKit.framework; sourceTree = SDKROOT; };
		0FAACA081915D51A00CF9CDF /* ExistingCommunal-Info.plist */ = {isa = PBXFileReference; lastKnownFileType = text.plist.xml; path = "ExistingCommunal-Info.plist"; sourceTree = "<group>"; };
		0FAACA0A1915D51A00CF9CDF /* en */ = {isa = PBXFileReference; lastKnownFileType = text.plist.strings; name = en; path = en.lproj/InfoPlist.strings; sourceTree = "<group>"; };
		0FAACA0C1915D51A00CF9CDF /* main.m */ = {isa = PBXFileReference; lastKnownFileType = sourcecode.c.objc; path = main.m; sourceTree = "<group>"; };
		0FAACA0E1915D51A00CF9CDF /* ExistingCommunal-Prefix.pch */ = {isa = PBXFileReference; lastKnownFileType = sourcecode.c.h; path = "ExistingCommunal-Prefix.pch"; sourceTree = "<group>"; };
		0FAACA0F1915D51A00CF9CDF /* SNWAppDelegate.h */ = {isa = PBXFileReference; lastKnownFileType = sourcecode.c.h; path = SNWAppDelegate.h; sourceTree = "<group>"; };
		0FAACA101915D51A00CF9CDF /* SNWAppDelegate.m */ = {isa = PBXFileReference; lastKnownFileType = sourcecode.c.objc; path = SNWAppDelegate.m; sourceTree = "<group>"; };
		0FAACA131915D51A00CF9CDF /* Base */ = {isa = PBXFileReference; lastKnownFileType = file.storyboard; name = Base; path = Base.lproj/Main.storyboard; sourceTree = "<group>"; };
		0FAACA181915D51B00CF9CDF /* Images.xcassets */ = {isa = PBXFileReference; lastKnownFileType = folder.assetcatalog; path = Images.xcassets; sourceTree = "<group>"; };
		0FAACA1E1915D51B00CF9CDF /* ExistingCommunalTests.xctest */ = {isa = PBXFileReference; explicitFileType = wrapper.cfbundle; includeInIndex = 0; path = ExistingCommunalTests.xctest; sourceTree = BUILT_PRODUCTS_DIR; };
		0FAACA1F1915D51B00CF9CDF /* XCTest.framework */ = {isa = PBXFileReference; lastKnownFileType = wrapper.framework; name = XCTest.framework; path = Library/Frameworks/XCTest.framework; sourceTree = DEVELOPER_DIR; };
		0FAACA271915D51B00CF9CDF /* ExistingCommunalTests-Info.plist */ = {isa = PBXFileReference; lastKnownFileType = text.plist.xml; path = "ExistingCommunalTests-Info.plist"; sourceTree = "<group>"; };
		0FAACA291915D51B00CF9CDF /* en */ = {isa = PBXFileReference; lastKnownFileType = text.plist.strings; name = en; path = en.lproj/InfoPlist.strings; sourceTree = "<group>"; };
		0FAACA2B1915D51B00CF9CDF /* ExistingCommunalTests.m */ = {isa = PBXFileReference; lastKnownFileType = sourcecode.c.objc; path = ExistingCommunalTests.m; sourceTree = "<group>"; };
		0FAACA351915D62100CF9CDF /* ECTableViewController.h */ = {isa = PBXFileReference; fileEncoding = 4; lastKnownFileType = sourcecode.c.h; path = ECTableViewController.h; sourceTree = "<group>"; };
		0FAACA361915D62100CF9CDF /* ECTableViewController.m */ = {isa = PBXFileReference; fileEncoding = 4; lastKnownFileType = sourcecode.c.objc; path = ECTableViewController.m; sourceTree = "<group>"; };
		0FAACA3B19188BD200CF9CDF /* ECAvatar.h */ = {isa = PBXFileReference; fileEncoding = 4; lastKnownFileType = sourcecode.c.h; path = ECAvatar.h; sourceTree = "<group>"; };
		0FAACA3C19188BD200CF9CDF /* ECAvatar.m */ = {isa = PBXFileReference; fileEncoding = 4; lastKnownFileType = sourcecode.c.objc; path = ECAvatar.m; sourceTree = "<group>"; };
		0FAACA3E19188E5600CF9CDF /* ECUser.h */ = {isa = PBXFileReference; fileEncoding = 4; lastKnownFileType = sourcecode.c.h; path = ECUser.h; sourceTree = "<group>"; };
		0FAACA3F19188E5600CF9CDF /* ECUser.m */ = {isa = PBXFileReference; fileEncoding = 4; lastKnownFileType = sourcecode.c.objc; path = ECUser.m; sourceTree = "<group>"; };
		0FAACA4119188F4500CF9CDF /* ECDeal.h */ = {isa = PBXFileReference; fileEncoding = 4; lastKnownFileType = sourcecode.c.h; path = ECDeal.h; sourceTree = "<group>"; };
		0FAACA4219188F4500CF9CDF /* ECDeal.m */ = {isa = PBXFileReference; fileEncoding = 4; lastKnownFileType = sourcecode.c.objc; path = ECDeal.m; sourceTree = "<group>"; };
		0FAACA451918A00700CF9CDF /* ECDealTableViewCell.h */ = {isa = PBXFileReference; fileEncoding = 4; lastKnownFileType = sourcecode.c.h; path = ECDealTableViewCell.h; sourceTree = "<group>"; };
		0FAACA461918A00700CF9CDF /* ECDealTableViewCell.m */ = {isa = PBXFileReference; fileEncoding = 4; lastKnownFileType = sourcecode.c.objc; path = ECDealTableViewCell.m; sourceTree = "<group>"; };
/* End PBXFileReference section */

/* Begin PBXFrameworksBuildPhase section */
		0FAAC9FA1915D51A00CF9CDF /* Frameworks */ = {
			isa = PBXFrameworksBuildPhase;
			buildActionMask = 2147483647;
			files = (
				0FAACA031915D51A00CF9CDF /* CoreGraphics.framework in Frameworks */,
				0FAACA051915D51A00CF9CDF /* UIKit.framework in Frameworks */,
				0FAACA011915D51A00CF9CDF /* Foundation.framework in Frameworks */,
			);
			runOnlyForDeploymentPostprocessing = 0;
		};
		0FAACA1B1915D51B00CF9CDF /* Frameworks */ = {
			isa = PBXFrameworksBuildPhase;
			buildActionMask = 2147483647;
			files = (
				0FAACA201915D51B00CF9CDF /* XCTest.framework in Frameworks */,
				0FAACA221915D51B00CF9CDF /* UIKit.framework in Frameworks */,
				0FAACA211915D51B00CF9CDF /* Foundation.framework in Frameworks */,
			);
			runOnlyForDeploymentPostprocessing = 0;
		};
/* End PBXFrameworksBuildPhase section */

/* Begin PBXGroup section */
		0FAAC9F41915D51A00CF9CDF = {
			isa = PBXGroup;
			children = (
				0FAACA061915D51A00CF9CDF /* ExistingCommunal */,
				0FAACA251915D51B00CF9CDF /* ExistingCommunalTests */,
				0FAAC9FF1915D51A00CF9CDF /* Frameworks */,
				0FAAC9FE1915D51A00CF9CDF /* Products */,
			);
			sourceTree = "<group>";
		};
		0FAAC9FE1915D51A00CF9CDF /* Products */ = {
			isa = PBXGroup;
			children = (
				0FAAC9FD1915D51A00CF9CDF /* ExistingCommunal.app */,
				0FAACA1E1915D51B00CF9CDF /* ExistingCommunalTests.xctest */,
			);
			name = Products;
			sourceTree = "<group>";
		};
		0FAAC9FF1915D51A00CF9CDF /* Frameworks */ = {
			isa = PBXGroup;
			children = (
				0FAACA001915D51A00CF9CDF /* Foundation.framework */,
				0FAACA021915D51A00CF9CDF /* CoreGraphics.framework */,
				0FAACA041915D51A00CF9CDF /* UIKit.framework */,
				0FAACA1F1915D51B00CF9CDF /* XCTest.framework */,
			);
			name = Frameworks;
			sourceTree = "<group>";
		};
		0FAACA061915D51A00CF9CDF /* ExistingCommunal */ = {
			isa = PBXGroup;
			children = (
				0FAACA4419189FCE00CF9CDF /* views */,
				0FAACA3A19188BAC00CF9CDF /* models */,
				0FAACA0F1915D51A00CF9CDF /* SNWAppDelegate.h */,
				0FAACA101915D51A00CF9CDF /* SNWAppDelegate.m */,
				0FAACA121915D51A00CF9CDF /* Main.storyboard */,
				0FAACA181915D51B00CF9CDF /* Images.xcassets */,
				0FAACA351915D62100CF9CDF /* ECTableViewController.h */,
				0FAACA361915D62100CF9CDF /* ECTableViewController.m */,
				0FAACA071915D51A00CF9CDF /* Supporting Files */,
			);
			path = ExistingCommunal;
			sourceTree = "<group>";
		};
		0FAACA071915D51A00CF9CDF /* Supporting Files */ = {
			isa = PBXGroup;
			children = (
				0FAACA081915D51A00CF9CDF /* ExistingCommunal-Info.plist */,
				0FAACA091915D51A00CF9CDF /* InfoPlist.strings */,
				0FAACA0C1915D51A00CF9CDF /* main.m */,
				0FAACA0E1915D51A00CF9CDF /* ExistingCommunal-Prefix.pch */,
			);
			name = "Supporting Files";
			sourceTree = "<group>";
		};
		0FAACA251915D51B00CF9CDF /* ExistingCommunalTests */ = {
			isa = PBXGroup;
			children = (
				0FAACA2B1915D51B00CF9CDF /* ExistingCommunalTests.m */,
				0FAACA261915D51B00CF9CDF /* Supporting Files */,
			);
			path = ExistingCommunalTests;
			sourceTree = "<group>";
		};
		0FAACA261915D51B00CF9CDF /* Supporting Files */ = {
			isa = PBXGroup;
			children = (
				0FAACA271915D51B00CF9CDF /* ExistingCommunalTests-Info.plist */,
				0FAACA281915D51B00CF9CDF /* InfoPlist.strings */,
			);
			name = "Supporting Files";
			sourceTree = "<group>";
		};
		0FAACA3A19188BAC00CF9CDF /* models */ = {
			isa = PBXGroup;
			children = (
				0FAACA3B19188BD200CF9CDF /* ECAvatar.h */,
				0FAACA3C19188BD200CF9CDF /* ECAvatar.m */,
				0FAACA3E19188E5600CF9CDF /* ECUser.h */,
				0FAACA3F19188E5600CF9CDF /* ECUser.m */,
				0FAACA4119188F4500CF9CDF /* ECDeal.h */,
				0FAACA4219188F4500CF9CDF /* ECDeal.m */,
			);
			name = models;
			sourceTree = "<group>";
		};
		0FAACA4419189FCE00CF9CDF /* views */ = {
			isa = PBXGroup;
			children = (
				0FAACA451918A00700CF9CDF /* ECDealTableViewCell.h */,
				0FAACA461918A00700CF9CDF /* ECDealTableViewCell.m */,
			);
			name = views;
			sourceTree = "<group>";
		};
/* End PBXGroup section */

/* Begin PBXNativeTarget section */
		0FAAC9FC1915D51A00CF9CDF /* ExistingCommunal */ = {
			isa = PBXNativeTarget;
			buildConfigurationList = 0FAACA2F1915D51B00CF9CDF /* Build configuration list for PBXNativeTarget "ExistingCommunal" */;
			buildPhases = (
				0FAAC9F91915D51A00CF9CDF /* Sources */,
				0FAAC9FA1915D51A00CF9CDF /* Frameworks */,
				0FAAC9FB1915D51A00CF9CDF /* Resources */,
			);
			buildRules = (
			);
			dependencies = (
			);
			name = ExistingCommunal;
			productName = ExistingCommunal;
			productReference = 0FAAC9FD1915D51A00CF9CDF /* ExistingCommunal.app */;
			productType = "com.apple.product-type.application";
		};
		0FAACA1D1915D51B00CF9CDF /* ExistingCommunalTests */ = {
			isa = PBXNativeTarget;
			buildConfigurationList = 0FAACA321915D51B00CF9CDF /* Build configuration list for PBXNativeTarget "ExistingCommunalTests" */;
			buildPhases = (
				0FAACA1A1915D51B00CF9CDF /* Sources */,
				0FAACA1B1915D51B00CF9CDF /* Frameworks */,
				0FAACA1C1915D51B00CF9CDF /* Resources */,
			);
			buildRules = (
			);
			dependencies = (
				0FAACA241915D51B00CF9CDF /* PBXTargetDependency */,
			);
			name = ExistingCommunalTests;
			productName = ExistingCommunalTests;
			productReference = 0FAACA1E1915D51B00CF9CDF /* ExistingCommunalTests.xctest */;
			productType = "com.apple.product-type.bundle.unit-test";
		};
/* End PBXNativeTarget section */

/* Begin PBXProject section */
		0FAAC9F51915D51A00CF9CDF /* Project object */ = {
			isa = PBXProject;
			attributes = {
				CLASSPREFIX = SNW;
				LastUpgradeCheck = 0500;
				ORGANIZATIONNAME = "Jon Whitmore";
				TargetAttributes = {
					0FAACA1D1915D51B00CF9CDF = {
						TestTargetID = 0FAAC9FC1915D51A00CF9CDF;
					};
				};
			};
			buildConfigurationList = 0FAAC9F81915D51A00CF9CDF /* Build configuration list for PBXProject "ExistingCommunal" */;
			compatibilityVersion = "Xcode 3.2";
			developmentRegion = English;
			hasScannedForEncodings = 0;
			knownRegions = (
				en,
				Base,
			);
			mainGroup = 0FAAC9F41915D51A00CF9CDF;
			productRefGroup = 0FAAC9FE1915D51A00CF9CDF /* Products */;
			projectDirPath = "";
			projectRoot = "";
			targets = (
				0FAAC9FC1915D51A00CF9CDF /* ExistingCommunal */,
				0FAACA1D1915D51B00CF9CDF /* ExistingCommunalTests */,
			);
		};
/* End PBXProject section */

/* Begin PBXResourcesBuildPhase section */
		0FAAC9FB1915D51A00CF9CDF /* Resources */ = {
			isa = PBXResourcesBuildPhase;
			buildActionMask = 2147483647;
			files = (
				0FAACA191915D51B00CF9CDF /* Images.xcassets in Resources */,
				0FAACA0B1915D51A00CF9CDF /* InfoPlist.strings in Resources */,
				0FAACA141915D51A00CF9CDF /* Main.storyboard in Resources */,
			);
			runOnlyForDeploymentPostprocessing = 0;
		};
		0FAACA1C1915D51B00CF9CDF /* Resources */ = {
			isa = PBXResourcesBuildPhase;
			buildActionMask = 2147483647;
			files = (
				0FAACA2A1915D51B00CF9CDF /* InfoPlist.strings in Resources */,
			);
			runOnlyForDeploymentPostprocessing = 0;
		};
/* End PBXResourcesBuildPhase section */

/* Begin PBXSourcesBuildPhase section */
		0FAAC9F91915D51A00CF9CDF /* Sources */ = {
			isa = PBXSourcesBuildPhase;
			buildActionMask = 2147483647;
			files = (
				0FAACA3D19188BD200CF9CDF /* ECAvatar.m in Sources */,
				0FAACA0D1915D51A00CF9CDF /* main.m in Sources */,
				0FAACA111915D51A00CF9CDF /* SNWAppDelegate.m in Sources */,
				0FAACA471918A00700CF9CDF /* ECDealTableViewCell.m in Sources */,
				0FAACA4319188F4500CF9CDF /* ECDeal.m in Sources */,
				0FAACA371915D62100CF9CDF /* ECTableViewController.m in Sources */,
				0FAACA4019188E5600CF9CDF /* ECUser.m in Sources */,
			);
			runOnlyForDeploymentPostprocessing = 0;
		};
		0FAACA1A1915D51B00CF9CDF /* Sources */ = {
			isa = PBXSourcesBuildPhase;
			buildActionMask = 2147483647;
			files = (
				0FAACA2C1915D51B00CF9CDF /* ExistingCommunalTests.m in Sources */,
			);
			runOnlyForDeploymentPostprocessing = 0;
		};
/* End PBXSourcesBuildPhase section */

/* Begin PBXTargetDependency section */
		0FAACA241915D51B00CF9CDF /* PBXTargetDependency */ = {
			isa = PBXTargetDependency;
			target = 0FAAC9FC1915D51A00CF9CDF /* ExistingCommunal */;
			targetProxy = 0FAACA231915D51B00CF9CDF /* PBXContainerItemProxy */;
		};
/* End PBXTargetDependency section */

/* Begin PBXVariantGroup section */
		0FAACA091915D51A00CF9CDF /* InfoPlist.strings */ = {
			isa = PBXVariantGroup;
			children = (
				0FAACA0A1915D51A00CF9CDF /* en */,
			);
			name = InfoPlist.strings;
			sourceTree = "<group>";
		};
		0FAACA121915D51A00CF9CDF /* Main.storyboard */ = {
			isa = PBXVariantGroup;
			children = (
				0FAACA131915D51A00CF9CDF /* Base */,
			);
			name = Main.storyboard;
			sourceTree = "<group>";
		};
		0FAACA281915D51B00CF9CDF /* InfoPlist.strings */ = {
			isa = PBXVariantGroup;
			children = (
				0FAACA291915D51B00CF9CDF /* en */,
			);
			name = InfoPlist.strings;
			sourceTree = "<group>";
		};
/* End PBXVariantGroup section */

/* Begin XCBuildConfiguration section */
		0FAACA2D1915D51B00CF9CDF /* Debug */ = {
			isa = XCBuildConfiguration;
			buildSettings = {
				ALWAYS_SEARCH_USER_PATHS = NO;
				ARCHS = "$(ARCHS_STANDARD_INCLUDING_64_BIT)";
				CLANG_CXX_LANGUAGE_STANDARD = "gnu++0x";
				CLANG_CXX_LIBRARY = "libc++";
				CLANG_ENABLE_MODULES = YES;
				CLANG_ENABLE_OBJC_ARC = YES;
				CLANG_WARN_BOOL_CONVERSION = YES;
				CLANG_WARN_CONSTANT_CONVERSION = YES;
				CLANG_WARN_DIRECT_OBJC_ISA_USAGE = YES_ERROR;
				CLANG_WARN_EMPTY_BODY = YES;
				CLANG_WARN_ENUM_CONVERSION = YES;
				CLANG_WARN_INT_CONVERSION = YES;
				CLANG_WARN_OBJC_ROOT_CLASS = YES_ERROR;
				CLANG_WARN__DUPLICATE_METHOD_MATCH = YES;
				"CODE_SIGN_IDENTITY[sdk=iphoneos*]" = "iPhone Developer";
				COPY_PHASE_STRIP = NO;
				GCC_C_LANGUAGE_STANDARD = gnu99;
				GCC_DYNAMIC_NO_PIC = NO;
				GCC_OPTIMIZATION_LEVEL = 0;
				GCC_PREPROCESSOR_DEFINITIONS = (
					"DEBUG=1",
					"$(inherited)",
				);
				GCC_SYMBOLS_PRIVATE_EXTERN = NO;
				GCC_WARN_64_TO_32_BIT_CONVERSION = YES;
				GCC_WARN_ABOUT_RETURN_TYPE = YES_ERROR;
				GCC_WARN_UNDECLARED_SELECTOR = YES;
				GCC_WARN_UNINITIALIZED_AUTOS = YES;
				GCC_WARN_UNUSED_FUNCTION = YES;
				GCC_WARN_UNUSED_VARIABLE = YES;
				IPHONEOS_DEPLOYMENT_TARGET = 7.0;
				ONLY_ACTIVE_ARCH = YES;
				SDKROOT = iphoneos;
			};
			name = Debug;
		};
		0FAACA2E1915D51B00CF9CDF /* Release */ = {
			isa = XCBuildConfiguration;
			buildSettings = {
				ALWAYS_SEARCH_USER_PATHS = NO;
				ARCHS = "$(ARCHS_STANDARD_INCLUDING_64_BIT)";
				CLANG_CXX_LANGUAGE_STANDARD = "gnu++0x";
				CLANG_CXX_LIBRARY = "libc++";
				CLANG_ENABLE_MODULES = YES;
				CLANG_ENABLE_OBJC_ARC = YES;
				CLANG_WARN_BOOL_CONVERSION = YES;
				CLANG_WARN_CONSTANT_CONVERSION = YES;
				CLANG_WARN_DIRECT_OBJC_ISA_USAGE = YES_ERROR;
				CLANG_WARN_EMPTY_BODY = YES;
				CLANG_WARN_ENUM_CONVERSION = YES;
				CLANG_WARN_INT_CONVERSION = YES;
				CLANG_WARN_OBJC_ROOT_CLASS = YES_ERROR;
				CLANG_WARN__DUPLICATE_METHOD_MATCH = YES;
				"CODE_SIGN_IDENTITY[sdk=iphoneos*]" = "iPhone Developer";
				COPY_PHASE_STRIP = YES;
				ENABLE_NS_ASSERTIONS = NO;
				GCC_C_LANGUAGE_STANDARD = gnu99;
				GCC_WARN_64_TO_32_BIT_CONVERSION = YES;
				GCC_WARN_ABOUT_RETURN_TYPE = YES_ERROR;
				GCC_WARN_UNDECLARED_SELECTOR = YES;
				GCC_WARN_UNINITIALIZED_AUTOS = YES;
				GCC_WARN_UNUSED_FUNCTION = YES;
				GCC_WARN_UNUSED_VARIABLE = YES;
				IPHONEOS_DEPLOYMENT_TARGET = 7.0;
				SDKROOT = iphoneos;
				VALIDATE_PRODUCT = YES;
			};
			name = Release;
		};
		0FAACA301915D51B00CF9CDF /* Debug */ = {
			isa = XCBuildConfiguration;
			buildSettings = {
				ASSETCATALOG_COMPILER_APPICON_NAME = AppIcon;
				ASSETCATALOG_COMPILER_LAUNCHIMAGE_NAME = LaunchImage;
				GCC_PRECOMPILE_PREFIX_HEADER = YES;
				GCC_PREFIX_HEADER = "ExistingCommunal/ExistingCommunal-Prefix.pch";
				INFOPLIST_FILE = "ExistingCommunal/ExistingCommunal-Info.plist";
				PRODUCT_NAME = "$(TARGET_NAME)";
				WRAPPER_EXTENSION = app;
			};
			name = Debug;
		};
		0FAACA311915D51B00CF9CDF /* Release */ = {
			isa = XCBuildConfiguration;
			buildSettings = {
				ASSETCATALOG_COMPILER_APPICON_NAME = AppIcon;
				ASSETCATALOG_COMPILER_LAUNCHIMAGE_NAME = LaunchImage;
				GCC_PRECOMPILE_PREFIX_HEADER = YES;
				GCC_PREFIX_HEADER = "ExistingCommunal/ExistingCommunal-Prefix.pch";
				INFOPLIST_FILE = "ExistingCommunal/ExistingCommunal-Info.plist";
				PRODUCT_NAME = "$(TARGET_NAME)";
				WRAPPER_EXTENSION = app;
			};
			name = Release;
		};
		0FAACA331915D51B00CF9CDF /* Debug */ = {
			isa = XCBuildConfiguration;
			buildSettings = {
				ARCHS = "$(ARCHS_STANDARD_INCLUDING_64_BIT)";
				BUNDLE_LOADER = "$(BUILT_PRODUCTS_DIR)/ExistingCommunal.app/ExistingCommunal";
				FRAMEWORK_SEARCH_PATHS = (
					"$(SDKROOT)/Developer/Library/Frameworks",
					"$(inherited)",
					"$(DEVELOPER_FRAMEWORKS_DIR)",
				);
				GCC_PRECOMPILE_PREFIX_HEADER = YES;
				GCC_PREFIX_HEADER = "ExistingCommunal/ExistingCommunal-Prefix.pch";
				GCC_PREPROCESSOR_DEFINITIONS = (
					"DEBUG=1",
					"$(inherited)",
				);
				INFOPLIST_FILE = "ExistingCommunalTests/ExistingCommunalTests-Info.plist";
				PRODUCT_NAME = "$(TARGET_NAME)";
				TEST_HOST = "$(BUNDLE_LOADER)";
				WRAPPER_EXTENSION = xctest;
			};
			name = Debug;
		};
		0FAACA341915D51B00CF9CDF /* Release */ = {
			isa = XCBuildConfiguration;
			buildSettings = {
				ARCHS = "$(ARCHS_STANDARD_INCLUDING_64_BIT)";
				BUNDLE_LOADER = "$(BUILT_PRODUCTS_DIR)/ExistingCommunal.app/ExistingCommunal";
				FRAMEWORK_SEARCH_PATHS = (
					"$(SDKROOT)/Developer/Library/Frameworks",
					"$(inherited)",
					"$(DEVELOPER_FRAMEWORKS_DIR)",
				);
				GCC_PRECOMPILE_PREFIX_HEADER = YES;
				GCC_PREFIX_HEADER = "ExistingCommunal/ExistingCommunal-Prefix.pch";
				INFOPLIST_FILE = "ExistingCommunalTests/ExistingCommunalTests-Info.plist";
				PRODUCT_NAME = "$(TARGET_NAME)";
				TEST_HOST = "$(BUNDLE_LOADER)";
				WRAPPER_EXTENSION = xctest;
			};
			name = Release;
		};
/* End XCBuildConfiguration section */

/* Begin XCConfigurationList section */
		0FAAC9F81915D51A00CF9CDF /* Build configuration list for PBXProject "ExistingCommunal" */ = {
			isa = XCConfigurationList;
			buildConfigurations = (
				0FAACA2D1915D51B00CF9CDF /* Debug */,
				0FAACA2E1915D51B00CF9CDF /* Release */,
			);
			defaultConfigurationIsVisible = 0;
			defaultConfigurationName = Release;
		};
		0FAACA2F1915D51B00CF9CDF /* Build configuration list for PBXNativeTarget "ExistingCommunal" */ = {
			isa = XCConfigurationList;
			buildConfigurations = (
				0FAACA301915D51B00CF9CDF /* Debug */,
				0FAACA311915D51B00CF9CDF /* Release */,
			);
			defaultConfigurationIsVisible = 0;
		};
		0FAACA321915D51B00CF9CDF /* Build configuration list for PBXNativeTarget "ExistingCommunalTests" */ = {
			isa = XCConfigurationList;
			buildConfigurations = (
				0FAACA331915D51B00CF9CDF /* Debug */,
				0FAACA341915D51B00CF9CDF /* Release */,
			);
			defaultConfigurationIsVisible = 0;
		};
/* End XCConfigurationList section */
	};
	rootObject = 0FAAC9F51915D51A00CF9CDF /* Project object */;
}
